// !$*UTF8*$!
{
	archiveVersion = 1;
	classes = {
	};
	objectVersion = 50;
	objects = {

/* Begin PBXBuildFile section */
		91C1756E2358057500DD3C10 /* AppDelegate.swift in Sources */ = {isa = PBXBuildFile; fileRef = 91C1756D2358057500DD3C10 /* AppDelegate.swift */; };
		91C175702358057500DD3C10 /* SceneDelegate.swift in Sources */ = {isa = PBXBuildFile; fileRef = 91C1756F2358057500DD3C10 /* SceneDelegate.swift */; };
		91C175722358057500DD3C10 /* ViewController.swift in Sources */ = {isa = PBXBuildFile; fileRef = 91C175712358057500DD3C10 /* ViewController.swift */; };
		91C175752358057500DD3C10 /* Main.storyboard in Resources */ = {isa = PBXBuildFile; fileRef = 91C175732358057500DD3C10 /* Main.storyboard */; };
		91C175772358057700DD3C10 /* Assets.xcassets in Resources */ = {isa = PBXBuildFile; fileRef = 91C175762358057700DD3C10 /* Assets.xcassets */; };
		91C1757A2358057700DD3C10 /* LaunchScreen.storyboard in Resources */ = {isa = PBXBuildFile; fileRef = 91C175782358057700DD3C10 /* LaunchScreen.storyboard */; };
		91C175832358062A00DD3C10 /* ExTableView.swift in Sources */ = {isa = PBXBuildFile; fileRef = 91C175822358062A00DD3C10 /* ExTableView.swift */; };
		91C1758523584B6300DD3C10 /* CALayer+CornerRadius_Shadow.swift in Sources */ = {isa = PBXBuildFile; fileRef = 91C1758423584B6300DD3C10 /* CALayer+CornerRadius_Shadow.swift */; };
/* End PBXBuildFile section */

/* Begin PBXFileReference section */
		91C1756A2358057500DD3C10 /* ExTableView.app */ = {isa = PBXFileReference; explicitFileType = wrapper.application; includeInIndex = 0; path = ExTableView.app; sourceTree = BUILT_PRODUCTS_DIR; };
		91C1756D2358057500DD3C10 /* AppDelegate.swift */ = {isa = PBXFileReference; lastKnownFileType = sourcecode.swift; path = AppDelegate.swift; sourceTree = "<group>"; };
		91C1756F2358057500DD3C10 /* SceneDelegate.swift */ = {isa = PBXFileReference; lastKnownFileType = sourcecode.swift; path = SceneDelegate.swift; sourceTree = "<group>"; };
		91C175712358057500DD3C10 /* ViewController.swift */ = {isa = PBXFileReference; lastKnownFileType = sourcecode.swift; path = ViewController.swift; sourceTree = "<group>"; };
		91C175742358057500DD3C10 /* Base */ = {isa = PBXFileReference; lastKnownFileType = file.storyboard; name = Base; path = Base.lproj/Main.storyboard; sourceTree = "<group>"; };
		91C175762358057700DD3C10 /* Assets.xcassets */ = {isa = PBXFileReference; lastKnownFileType = folder.assetcatalog; path = Assets.xcassets; sourceTree = "<group>"; };
		91C175792358057700DD3C10 /* Base */ = {isa = PBXFileReference; lastKnownFileType = file.storyboard; name = Base; path = Base.lproj/LaunchScreen.storyboard; sourceTree = "<group>"; };
		91C1757B2358057700DD3C10 /* Info.plist */ = {isa = PBXFileReference; lastKnownFileType = text.plist.xml; path = Info.plist; sourceTree = "<group>"; };
		91C175822358062A00DD3C10 /* ExTableView.swift */ = {isa = PBXFileReference; lastKnownFileType = sourcecode.swift; path = ExTableView.swift; sourceTree = "<group>"; };
		91C1758423584B6300DD3C10 /* CALayer+CornerRadius_Shadow.swift */ = {isa = PBXFileReference; fileEncoding = 4; lastKnownFileType = sourcecode.swift; path = "CALayer+CornerRadius_Shadow.swift"; sourceTree = "<group>"; };
/* End PBXFileReference section */

/* Begin PBXFrameworksBuildPhase section */
		91C175672358057500DD3C10 /* Frameworks */ = {
			isa = PBXFrameworksBuildPhase;
			buildActionMask = 2147483647;
			files = (
			);
			runOnlyForDeploymentPostprocessing = 0;
		};
/* End PBXFrameworksBuildPhase section */

/* Begin PBXGroup section */
		91C175612358057500DD3C10 = {
			isa = PBXGroup;
			children = (
				91C1756C2358057500DD3C10 /* ExTableView */,
				91C1756B2358057500DD3C10 /* Products */,
			);
			sourceTree = "<group>";
		};
		91C1756B2358057500DD3C10 /* Products */ = {
			isa = PBXGroup;
			children = (
				91C1756A2358057500DD3C10 /* ExTableView.app */,
			);
			name = Products;
			sourceTree = "<group>";
		};
		91C1756C2358057500DD3C10 /* ExTableView */ = {
			isa = PBXGroup;
			children = (
				91C1758423584B6300DD3C10 /* CALayer+CornerRadius_Shadow.swift */,
				91C17581235805DF00DD3C10 /* View */,
				91C1756D2358057500DD3C10 /* AppDelegate.swift */,
				91C1756F2358057500DD3C10 /* SceneDelegate.swift */,
				91C175712358057500DD3C10 /* ViewController.swift */,
				91C175732358057500DD3C10 /* Main.storyboard */,
				91C175762358057700DD3C10 /* Assets.xcassets */,
				91C175782358057700DD3C10 /* LaunchScreen.storyboard */,
				91C1757B2358057700DD3C10 /* Info.plist */,
			);
			path = ExTableView;
			sourceTree = "<group>";
		};
		91C17581235805DF00DD3C10 /* View */ = {
			isa = PBXGroup;
			children = (
				91C175822358062A00DD3C10 /* ExTableView.swift */,
			);
			path = View;
			sourceTree = "<group>";
		};
/* End PBXGroup section */

/* Begin PBXNativeTarget section */
		91C175692358057500DD3C10 /* ExTableView */ = {
			isa = PBXNativeTarget;
			buildConfigurationList = 91C1757E2358057700DD3C10 /* Build configuration list for PBXNativeTarget "ExTableView" */;
			buildPhases = (
				91C175662358057500DD3C10 /* Sources */,
				91C175672358057500DD3C10 /* Frameworks */,
				91C175682358057500DD3C10 /* Resources */,
			);
			buildRules = (
			);
			dependencies = (
			);
			name = ExTableView;
			productName = ExTableView;
			productReference = 91C1756A2358057500DD3C10 /* ExTableView.app */;
			productType = "com.apple.product-type.application";
		};
/* End PBXNativeTarget section */

/* Begin PBXProject section */
		91C175622358057500DD3C10 /* Project object */ = {
			isa = PBXProject;
			attributes = {
				LastSwiftUpdateCheck = 1110;
				LastUpgradeCheck = 1110;
				ORGANIZATIONNAME = "Rex Peng";
				TargetAttributes = {
					91C175692358057500DD3C10 = {
						CreatedOnToolsVersion = 11.1;
					};
				};
			};
			buildConfigurationList = 91C175652358057500DD3C10 /* Build configuration list for PBXProject "ExTableView" */;
			compatibilityVersion = "Xcode 9.3";
			developmentRegion = en;
			hasScannedForEncodings = 0;
			knownRegions = (
				en,
				Base,
			);
			mainGroup = 91C175612358057500DD3C10;
			productRefGroup = 91C1756B2358057500DD3C10 /* Products */;
			projectDirPath = "";
			projectRoot = "";
			targets = (
				91C175692358057500DD3C10 /* ExTableView */,
			);
		};
/* End PBXProject section */

/* Begin PBXResourcesBuildPhase section */
		91C175682358057500DD3C10 /* Resources */ = {
			isa = PBXResourcesBuildPhase;
			buildActionMask = 2147483647;
			files = (
				91C1757A2358057700DD3C10 /* LaunchScreen.storyboard in Resources */,
				91C175772358057700DD3C10 /* Assets.xcassets in Resources */,
				91C175752358057500DD3C10 /* Main.storyboard in Resources */,
			);
			runOnlyForDeploymentPostprocessing = 0;
		};
/* End PBXResourcesBuildPhase section */

/* Begin PBXSourcesBuildPhase section */
		91C175662358057500DD3C10 /* Sources */ = {
			isa = PBXSourcesBuildPhase;
			buildActionMask = 2147483647;
			files = (
				91C175832358062A00DD3C10 /* ExTableView.swift in Sources */,
				91C175722358057500DD3C10 /* ViewController.swift in Sources */,
				91C1756E2358057500DD3C10 /* AppDelegate.swift in Sources */,
				91C175702358057500DD3C10 /* SceneDelegate.swift in Sources */,
				91C1758523584B6300DD3C10 /* CALayer+CornerRadius_Shadow.swift in Sources */,
			);
			runOnlyForDeploymentPostprocessing = 0;
		};
/* End PBXSourcesBuildPhase section */

/* Begin PBXVariantGroup section */
		91C175732358057500DD3C10 /* Main.storyboard */ = {
			isa = PBXVariantGroup;
			children = (
				91C175742358057500DD3C10 /* Base */,
			);
			name = Main.storyboard;
			sourceTree = "<group>";
		};
		91C175782358057700DD3C10 /* LaunchScreen.storyboard */ = {
			isa = PBXVariantGroup;
			children = (
				91C175792358057700DD3C10 /* Base */,
			);
			name = LaunchScreen.storyboard;
			sourceTree = "<group>";
		};
/* End PBXVariantGroup section */

/* Begin XCBuildConfiguration section */
		91C1757C2358057700DD3C10 /* Debug */ = {
			isa = XCBuildConfiguration;
			buildSettings = {
				ALWAYS_SEARCH_USER_PATHS = NO;
				CLANG_ANALYZER_NONNULL = YES;
				CLANG_ANALYZER_NUMBER_OBJECT_CONVERSION = YES_AGGRESSIVE;
				CLANG_CXX_LANGUAGE_STANDARD = "gnu++14";
				CLANG_CXX_LIBRARY = "libc++";
				CLANG_ENABLE_MODULES = YES;
				CLANG_ENABLE_OBJC_ARC = YES;
				CLANG_ENABLE_OBJC_WEAK = YES;
				CLANG_WARN_BLOCK_CAPTURE_AUTORELEASING = YES;
				CLANG_WARN_BOOL_CONVERSION = YES;
				CLANG_WARN_COMMA = YES;
				CLANG_WARN_CONSTANT_CONVERSION = YES;
				CLANG_WARN_DEPRECATED_OBJC_IMPLEMENTATIONS = YES;
				CLANG_WARN_DIRECT_OBJC_ISA_USAGE = YES_ERROR;
				CLANG_WARN_DOCUMENTATION_COMMENTS = YES;
				CLANG_WARN_EMPTY_BODY = YES;
				CLANG_WARN_ENUM_CONVERSION = YES;
				CLANG_WARN_INFINITE_RECURSION = YES;
				CLANG_WARN_INT_CONVERSION = YES;
				CLANG_WARN_NON_LITERAL_NULL_CONVERSION = YES;
				CLANG_WARN_OBJC_IMPLICIT_RETAIN_SELF = YES;
				CLANG_WARN_OBJC_LITERAL_CONVERSION = YES;
				CLANG_WARN_OBJC_ROOT_CLASS = YES_ERROR;
				CLANG_WARN_RANGE_LOOP_ANALYSIS = YES;
				CLANG_WARN_STRICT_PROTOTYPES = YES;
				CLANG_WARN_SUSPICIOUS_MOVE = YES;
				CLANG_WARN_UNGUARDED_AVAILABILITY = YES_AGGRESSIVE;
				CLANG_WARN_UNREACHABLE_CODE = YES;
				CLANG_WARN__DUPLICATE_METHOD_MATCH = YES;
				COPY_PHASE_STRIP = NO;
				DEBUG_INFORMATION_FORMAT = dwarf;
				ENABLE_STRICT_OBJC_MSGSEND = YES;
				ENABLE_TESTABILITY = YES;
				GCC_C_LANGUAGE_STANDARD = gnu11;
				GCC_DYNAMIC_NO_PIC = NO;
				GCC_NO_COMMON_BLOCKS = YES;
				GCC_OPTIMIZATION_LEVEL = 0;
				GCC_PREPROCESSOR_DEFINITIONS = (
					"DEBUG=1",
					"$(inherited)",
				);
				GCC_WARN_64_TO_32_BIT_CONVERSION = YES;
				GCC_WARN_ABOUT_RETURN_TYPE = YES_ERROR;
				GCC_WARN_UNDECLARED_SELECTOR = YES;
				GCC_WARN_UNINITIALIZED_AUTOS = YES_AGGRESSIVE;
				GCC_WARN_UNUSED_FUNCTION = YES;
				GCC_WARN_UNUSED_VARIABLE = YES;
				IPHONEOS_DEPLOYMENT_TARGET = 13.1;
				MTL_ENABLE_DEBUG_INFO = INCLUDE_SOURCE;
				MTL_FAST_MATH = YES;
				ONLY_ACTIVE_ARCH = YES;
				SDKROOT = iphoneos;
				SWIFT_ACTIVE_COMPILATION_CONDITIONS = DEBUG;
				SWIFT_OPTIMIZATION_LEVEL = "-Onone";
			};
			name = Debug;
		};
		91C1757D2358057700DD3C10 /* Release */ = {
			isa = XCBuildConfiguration;
			buildSettings = {
				ALWAYS_SEARCH_USER_PATHS = NO;
				CLANG_ANALYZER_NONNULL = YES;
				CLANG_ANALYZER_NUMBER_OBJECT_CONVERSION = YES_AGGRESSIVE;
				CLANG_CXX_LANGUAGE_STANDARD = "gnu++14";
				CLANG_CXX_LIBRARY = "libc++";
				CLANG_ENABLE_MODULES = YES;
				CLANG_ENABLE_OBJC_ARC = YES;
				CLANG_ENABLE_OBJC_WEAK = YES;
				CLANG_WARN_BLOCK_CAPTURE_AUTORELEASING = YES;
				CLANG_WARN_BOOL_CONVERSION = YES;
				CLANG_WARN_COMMA = YES;
				CLANG_WARN_CONSTANT_CONVERSION = YES;
				CLANG_WARN_DEPRECATED_OBJC_IMPLEMENTATIONS = YES;
				CLANG_WARN_DIRECT_OBJC_ISA_USAGE = YES_ERROR;
				CLANG_WARN_DOCUMENTATION_COMMENTS = YES;
				CLANG_WARN_EMPTY_BODY = YES;
				CLANG_WARN_ENUM_CONVERSION = YES;
				CLANG_WARN_INFINITE_RECURSION = YES;
				CLANG_WARN_INT_CONVERSION = YES;
				CLANG_WARN_NON_LITERAL_NULL_CONVERSION = YES;
				CLANG_WARN_OBJC_IMPLICIT_RETAIN_SELF = YES;
				CLANG_WARN_OBJC_LITERAL_CONVERSION = YES;
				CLANG_WARN_OBJC_ROOT_CLASS = YES_ERROR;
				CLANG_WARN_RANGE_LOOP_ANALYSIS = YES;
				CLANG_WARN_STRICT_PROTOTYPES = YES;
				CLANG_WARN_SUSPICIOUS_MOVE = YES;
				CLANG_WARN_UNGUARDED_AVAILABILITY = YES_AGGRESSIVE;
				CLANG_WARN_UNREACHABLE_CODE = YES;
				CLANG_WARN__DUPLICATE_METHOD_MATCH = YES;
				COPY_PHASE_STRIP = NO;
				DEBUG_INFORMATION_FORMAT = "dwarf-with-dsym";
				ENABLE_NS_ASSERTIONS = NO;
				ENABLE_STRICT_OBJC_MSGSEND = YES;
				GCC_C_LANGUAGE_STANDARD = gnu11;
				GCC_NO_COMMON_BLOCKS = YES;
				GCC_WARN_64_TO_32_BIT_CONVERSION = YES;
				GCC_WARN_ABOUT_RETURN_TYPE = YES_ERROR;
				GCC_WARN_UNDECLARED_SELECTOR = YES;
				GCC_WARN_UNINITIALIZED_AUTOS = YES_AGGRESSIVE;
				GCC_WARN_UNUSED_FUNCTION = YES;
				GCC_WARN_UNUSED_VARIABLE = YES;
				IPHONEOS_DEPLOYMENT_TARGET = 13.1;
				MTL_ENABLE_DEBUG_INFO = NO;
				MTL_FAST_MATH = YES;
				SDKROOT = iphoneos;
				SWIFT_COMPILATION_MODE = wholemodule;
				SWIFT_OPTIMIZATION_LEVEL = "-O";
				VALIDATE_PRODUCT = YES;
			};
			name = Release;
		};
		91C1757F2358057700DD3C10 /* Debug */ = {
			isa = XCBuildConfiguration;
			buildSettings = {
				ASSETCATALOG_COMPILER_APPICON_NAME = AppIcon;
				CODE_SIGN_STYLE = Automatic;
				DEVELOPMENT_TEAM = U79L9MP8GY;
				INFOPLIST_FILE = ExTableView/Info.plist;
				IPHONEOS_DEPLOYMENT_TARGET = 10.0;
				LD_RUNPATH_SEARCH_PATHS = (
					"$(inherited)",
					"@executable_path/Frameworks",
				);
				PRODUCT_BUNDLE_IDENTIFIER = com.godsoft.ExTableView;
				PRODUCT_NAME = "$(TARGET_NAME)";
				SWIFT_VERSION = 5.0;
				TARGETED_DEVICE_FAMILY = "1,2";
			};
			name = Debug;
		};
		91C175802358057700DD3C10 /* Release */ = {
			isa = XCBuildConfiguration;
			buildSettings = {
				ASSETCATALOG_COMPILER_APPICON_NAME = AppIcon;
				CODE_SIGN_STYLE = Automatic;
				DEVELOPMENT_TEAM = U79L9MP8GY;
				INFOPLIST_FILE = ExTableView/Info.plist;
				IPHONEOS_DEPLOYMENT_TARGET = 10.0;
				LD_RUNPATH_SEARCH_PATHS = (
					"$(inherited)",
					"@executable_path/Frameworks",
				);
				PRODUCT_BUNDLE_IDENTIFIER = com.godsoft.ExTableView;
				PRODUCT_NAME = "$(TARGET_NAME)";
				SWIFT_VERSION = 5.0;
				TARGETED_DEVICE_FAMILY = "1,2";
			};
			name = Release;
		};
/* End XCBuildConfiguration section */

/* Begin XCConfigurationList section */
		91C175652358057500DD3C10 /* Build configuration list for PBXProject "ExTableView" */ = {
			isa = XCConfigurationList;
			buildConfigurations = (
				91C1757C2358057700DD3C10 /* Debug */,
				91C1757D2358057700DD3C10 /* Release */,
			);
			defaultConfigurationIsVisible = 0;
			defaultConfigurationName = Release;
		};
		91C1757E2358057700DD3C10 /* Build configuration list for PBXNativeTarget "ExTableView" */ = {
			isa = XCConfigurationList;
			buildConfigurations = (
				91C1757F2358057700DD3C10 /* Debug */,
				91C175802358057700DD3C10 /* Release */,
			);
			defaultConfigurationIsVisible = 0;
			defaultConfigurationName = Release;
		};
/* End XCConfigurationList section */
	};
	rootObject = 91C175622358057500DD3C10 /* Project object */;
}
